{
  "name": "test",
  "version": "1.0.0",
  "lockfileVersion": 1,
  "requires": true,
  "dependencies": {
    "million": {
      "version": "1.12.6-beta.0",
      "resolved": "https://registry.npmjs.org/million/-/million-1.12.6-beta.0.tgz",
      "integrity": "sha512-goPLuaTicGdB8Li5eHfyEqoi/bFcoGNY9N6r/x4etsMx5lYo5gRQe1htNEsIHoA5TCkHQN6P1iakXzLw8YOlgg=="
    }
  }
}
